hash: 727c6531f994e1d9e1adedd0faec9ca14157890659b6f5a03282e38e72cd457b
updated: 2016-07-17T11:15:23.630391093+08:00
imports:
- name: github.com/fatih/color
  version: 87d4004f2ab62d0d255e0a38f1680aa534549fe3
- name: github.com/iris-contrib/color
  version: 62c14c567492326ac5a952fb13e69533d2c6a735
- name: github.com/itang/gotang
  version: 7a6856ae1ba6b85f03a116974d55848e32ea317c
- name: github.com/mattn/go-colorable
  version: 9056b7a9f2d1f2d96498d6d146acd1f9d5ed3d59
- name: github.com/mattn/go-isatty
  version: 56b76bdf51f7708750eac80fa38b952bb9f32639
- name: github.com/pkg/errors
  version: 01fa4104b9c248c8945d14d9f128454d5b28d595
- name: golang.org/x/sys
  version: b518c298ac9dc94b6ac0757394f50d10c5dfa25a
  subpackages:
  - unix
testImports: []
