# This file is autogenerated, do not edit; changes may be undone by the next 'dep ensure'.


[[projects]]
  name = "github.com/BurntSushi/toml"
  packages = ["."]
  revision = "b26d9c308763d68093482582cea63d69be07a0f0"
  version = "v0.3.0"

[[projects]]
  name = "github.com/fatih/color"
  packages = ["."]
  revision = "570b54cabe6b8eb0bc2dfce68d964677d63b5260"
  version = "v1.5.0"

[[projects]]
  branch = "master"
  name = "github.com/itang/gotang"
  packages = ["."]
  revision = "7a6856ae1ba6b85f03a116974d55848e32ea317c"

[[projects]]
  name = "github.com/mattn/go-colorable"
  packages = ["."]
  revision = "941b50ebc6efddf4c41c8e4537a5f68a4e686b24"
  version = "v0.0.8"

[[projects]]
  name = "github.com/mattn/go-isatty"
  packages = ["."]
  revision = "fc9e8d8ef48496124e79ae0df75490096eccf6fe"
  version = "v0.0.2"

[[projects]]
  name = "github.com/pkg/errors"
  packages = ["."]
  revision = "645ef00459ed84a119197bfb8d8205042c6df63d"
  version = "v0.8.0"

[[projects]]
  branch = "master"
  name = "golang.org/x/sys"
  packages = ["unix"]
  revision = "0e0164865330d5cf1c00247be08330bf96e2f87c"

[solve-meta]
  analyzer-name = "dep"
  analyzer-version = 1
  inputs-digest = "b10eec107b03f685f15880717b86dd4373d3e85963983b9a0b5440d80dfc6ec8"
  solver-name = "gps-cdcl"
  solver-version = 1
